
Microsoft Visual Studio Solution File, Format Version 12.00
# Visual Studio Version 16
VisualStudioVersion = 16.0.31025.194
MinimumVisualStudioVersion = 10.0.40219.1
Project("{FAE04EC0-301F-11D3-BF4B-00C04F79EFBC}") = "SalesWebMvc", "SalesWebMvc\SalesWebMvc.csproj", "{DA17FD00-9A9C-46D0-A812-5EA571DF7D04}"
EndProject
Global
	GlobalSection(SolutionConfigurationPlatforms) = preSolution
		Debug|Any CPU = Debug|Any CPU
		Release|Any CPU = Release|Any CPU
	EndGlobalSection
	GlobalSection(ProjectConfigurationPlatforms) = postSolution
		{DA17FD00-9A9C-46D0-A812-5EA571DF7D04}.Debug|Any CPU.ActiveCfg = Debug|Any CPU
		{DA17FD00-9A9C-46D0-A812-5EA571DF7D04}.Debug|Any CPU.Build.0 = Debug|Any CPU
		{DA17FD00-9A9C-46D0-A812-5EA571DF7D04}.Release|Any CPU.ActiveCfg = Release|Any CPU
		{DA17FD00-9A9C-46D0-A812-5EA571DF7D04}.Release|Any CPU.Build.0 = Release|Any CPU
	EndGlobalSection
	GlobalSection(SolutionProperties) = preSolution
		HideSolutionNode = FALSE
	EndGlobalSection
	GlobalSection(ExtensibilityGlobals) = postSolution
		SolutionGuid = {AD34D6BB-4E21-4430-AF79-99E6764F752F}
	EndGlobalSection
EndGlobal
